{
  "object": {
    "pins": [
      {
        "package": "Clibgit",
        "repositoryURL": "https://github.com/IgorMuzyka/CLibgit",
        "state": {
          "branch": "master",
          "revision": "a8135b958431d4f3d0d39cb8a01baf5d27f65fa4",
          "version": null
        }
      },
      {
        "package": "Cncurses",
        "repositoryURL": "https://github.com/IgorMuzyka/Cncurses",
        "state": {
          "branch": "master",
          "revision": "c671e447651e95867b2b6436ba95042fe828872d",
          "version": null
        }
      },
      {
        "package": "Commander",
        "repositoryURL": "https://github.com/kylef/Commander",
        "state": {
          "branch": null,
          "revision": "e5b50ad7b2e91eeb828393e89b03577b16be7db9",
          "version": "0.8.0"
        }
      },
      {
        "package": "FileKit",
        "repositoryURL": "https://github.com/nvzqz/FileKit",
        "state": {
          "branch": null,
          "revision": "cb1a5285ca780d66264a3e70862f9845ff1cfb18",
          "version": "5.2.0"
        }
      },
      {
        "package": "RestorablePersistable",
        "repositoryURL": "https://github.com/IgorMuzyka/FileKit-RestorablePersistable",
        "state": {
          "branch": "master",
          "revision": "8f30c49ebbf8de17b87501d92c7c8ddb78f0156a",
          "version": null
        }
      },
      {
        "package": "Nimble",
        "repositoryURL": "https://github.com/Quick/Nimble",
        "state": {
          "branch": null,
          "revision": "cd6dfb86f496fcd96ce0bc6da962cd936bf41903",
          "version": "7.3.1"
        }
      },
      {
        "package": "Quick",
        "repositoryURL": "https://github.com/Quick/Quick",
        "state": {
          "branch": null,
          "revision": "5fbf13871d185526993130c3a1fad0b70bfe37ce",
          "version": "1.3.2"
        }
      },
      {
        "package": "Rainbow",
        "repositoryURL": "https://github.com/onevcat/Rainbow",
        "state": {
          "branch": null,
          "revision": "797a68d0a642609424b08f11eb56974a54d5f6e2",
          "version": "3.1.4"
        }
      },
      {
        "package": "Spectre",
        "repositoryURL": "https://github.com/kylef/Spectre.git",
        "state": {
          "branch": null,
          "revision": "f14ff47f45642aa5703900980b014c2e9394b6e5",
          "version": "0.9.0"
        }
      },
      {
        "package": "SwiftShell",
        "repositoryURL": "https://github.com/kareman/SwiftShell",
        "state": {
          "branch": null,
          "revision": "beebe43c986d89ea5359ac3adcb42dac94e5e08a",
          "version": "4.1.2"
        }
      }
    ]
  },
  "version": 1
}
